
Microsoft Visual Studio Solution File, Format Version 12.00
# Visual Studio 15
VisualStudioVersion = 15.0.28307.852
MinimumVisualStudioVersion = 10.0.40219.1
Project("{FAE04EC0-301F-11D3-BF4B-00C04F79EFBC}") = "WindowsFormsApp_TestSuspend", "WindowsFormsApp_TestSuspend\WindowsFormsApp_TestSuspend.csproj", "{1ABCA2B0-F388-404B-86AF-6F0EEAC2EF9B}"
EndProject
Global
	GlobalSection(SolutionConfigurationPlatforms) = preSolution
		Debug|Any CPU = Debug|Any CPU
		Release|Any CPU = Release|Any CPU
	EndGlobalSection
	GlobalSection(ProjectConfigurationPlatforms) = postSolution
		{1ABCA2B0-F388-404B-86AF-6F0EEAC2EF9B}.Debug|Any CPU.ActiveCfg = Debug|Any CPU
		{1ABCA2B0-F388-404B-86AF-6F0EEAC2EF9B}.Debug|Any CPU.Build.0 = Debug|Any CPU
		{1ABCA2B0-F388-404B-86AF-6F0EEAC2EF9B}.Release|Any CPU.ActiveCfg = Release|Any CPU
		{1ABCA2B0-F388-404B-86AF-6F0EEAC2EF9B}.Release|Any CPU.Build.0 = Release|Any CPU
	EndGlobalSection
	GlobalSection(SolutionProperties) = preSolution
		HideSolutionNode = FALSE
	EndGlobalSection
	GlobalSection(ExtensibilityGlobals) = postSolution
		SolutionGuid = {32581940-3E75-4FDC-A352-A336589F025B}
	EndGlobalSection
EndGlobal
